
Microsoft Visual Studio Solution File, Format Version 12.00
Project("{FAE04EC0-301F-11D3-BF4B-00C04F79EFBC}") = "Week_3_Challenge_Labs", "Week_3_Challenge_Labs.csproj", "{0CA137CA-8116-49AE-8068-0AF70C149A47}"
EndProject
Global
	GlobalSection(SolutionConfigurationPlatforms) = preSolution
		Debug|Any CPU = Debug|Any CPU
		Release|Any CPU = Release|Any CPU
	EndGlobalSection
	GlobalSection(ProjectConfigurationPlatforms) = postSolution
		{0CA137CA-8116-49AE-8068-0AF70C149A47}.Debug|Any CPU.ActiveCfg = Debug|Any CPU
		{0CA137CA-8116-49AE-8068-0AF70C149A47}.Debug|Any CPU.Build.0 = Debug|Any CPU
		{0CA137CA-8116-49AE-8068-0AF70C149A47}.Release|Any CPU.ActiveCfg = Release|Any CPU
		{0CA137CA-8116-49AE-8068-0AF70C149A47}.Release|Any CPU.Build.0 = Release|Any CPU
	EndGlobalSection
EndGlobal
